{
  "nodes": {
    "ebpf-src": {
      "flake": false,
      "locked": {
        "lastModified": 1721751234,
        "narHash": "sha256-8WUmFbXOZuMex1R6X00DUzEe0QO0KRdsKxA0AJ7WfNw=",
        "owner": "cilium",
        "repo": "ebpf",
        "rev": "061e86d8f5e99aa6f04d11a3807c8cacdbe7908b",
        "type": "github"
      },
      "original": {
        "owner": "cilium",
        "ref": "v0.16.0",
        "repo": "ebpf",
        "type": "github"
      }
    },
    "nixpkgs": {
      "locked": {
        "lastModified": 1731797254,
        "narHash": "sha256-df3dJApLPhd11AlueuoN0Q4fHo/hagP75LlM5K1sz9g=",
        "owner": "NixOS",
        "repo": "nixpkgs",
        "rev": "e8c38b73aeb218e27163376a2d617e61a2ad9b59",
        "type": "github"
      },
      "original": {
        "id": "nixpkgs",
        "ref": "nixos-24.05",
        "type": "indirect"
      }
    },
    "root": {
      "inputs": {
        "ebpf-src": "ebpf-src",
        "nixpkgs": "nixpkgs"
      }
    }
  },
  "root": "root",
  "version": 7
}
